
Microsoft Visual Studio Solution File, Format Version 12.00
Project("{FAE04EC0-301F-11D3-BF4B-00C04F79EFBC}") = "NangaParbat", "NangaParbat\NangaParbat.csproj", "{EAF4DD5D-E6A5-4182-8D7C-93FC7FB0ADD8}"
EndProject
Project("{FAE04EC0-301F-11D3-BF4B-00C04F79EFBC}") = "Demo", "Demo\Demo.csproj", "{0BB4C93C-4F6F-4026-9F44-F5CA13639CDB}"
EndProject
Global
	GlobalSection(SolutionConfigurationPlatforms) = preSolution
		Debug|Any CPU = Debug|Any CPU
		Release|Any CPU = Release|Any CPU
	EndGlobalSection
	GlobalSection(ProjectConfigurationPlatforms) = postSolution
		{EAF4DD5D-E6A5-4182-8D7C-93FC7FB0ADD8}.Debug|Any CPU.ActiveCfg = Debug|Any CPU
		{EAF4DD5D-E6A5-4182-8D7C-93FC7FB0ADD8}.Debug|Any CPU.Build.0 = Debug|Any CPU
		{EAF4DD5D-E6A5-4182-8D7C-93FC7FB0ADD8}.Release|Any CPU.ActiveCfg = Release|Any CPU
		{EAF4DD5D-E6A5-4182-8D7C-93FC7FB0ADD8}.Release|Any CPU.Build.0 = Release|Any CPU
		{0BB4C93C-4F6F-4026-9F44-F5CA13639CDB}.Debug|Any CPU.ActiveCfg = Debug|Any CPU
		{0BB4C93C-4F6F-4026-9F44-F5CA13639CDB}.Debug|Any CPU.Build.0 = Debug|Any CPU
		{0BB4C93C-4F6F-4026-9F44-F5CA13639CDB}.Release|Any CPU.ActiveCfg = Release|Any CPU
		{0BB4C93C-4F6F-4026-9F44-F5CA13639CDB}.Release|Any CPU.Build.0 = Release|Any CPU
	EndGlobalSection
EndGlobal
